
Microsoft Visual Studio Solution File, Format Version 12.00
# Visual Studio Version 16
VisualStudioVersion = 16.0.30011.22
MinimumVisualStudioVersion = 10.0.40219.1
Project("{9A19103F-16F7-4668-BE54-9A1E7A4F7556}") = "RAGENativeUI", "RAGENativeUI.csproj", "{F3E16ED9-DBF7-4E7B-B04B-9B24B11891D3}"
EndProject
Project("{9A19103F-16F7-4668-BE54-9A1E7A4F7556}") = "Examples", "Examples\Examples.csproj", "{FB83ECBC-E996-4314-8C65-E79211AEA8BC}"
EndProject
Global
	GlobalSection(SolutionConfigurationPlatforms) = preSolution
		Debug|x64 = Debug|x64
		Release|x64 = Release|x64
	EndGlobalSection
	GlobalSection(ProjectConfigurationPlatforms) = postSolution
		{F3E16ED9-DBF7-4E7B-B04B-9B24B11891D3}.Debug|x64.ActiveCfg = Debug|x64
		{F3E16ED9-DBF7-4E7B-B04B-9B24B11891D3}.Debug|x64.Build.0 = Debug|x64
		{F3E16ED9-DBF7-4E7B-B04B-9B24B11891D3}.Release|x64.ActiveCfg = Release|x64
		{F3E16ED9-DBF7-4E7B-B04B-9B24B11891D3}.Release|x64.Build.0 = Release|x64
		{FB83ECBC-E996-4314-8C65-E79211AEA8BC}.Debug|x64.ActiveCfg = Debug|x64
		{FB83ECBC-E996-4314-8C65-E79211AEA8BC}.Debug|x64.Build.0 = Debug|x64
		{FB83ECBC-E996-4314-8C65-E79211AEA8BC}.Release|x64.ActiveCfg = Release|x64
		{FB83ECBC-E996-4314-8C65-E79211AEA8BC}.Release|x64.Build.0 = Release|x64
	EndGlobalSection
	GlobalSection(SolutionProperties) = preSolution
		HideSolutionNode = FALSE
	EndGlobalSection
	GlobalSection(ExtensibilityGlobals) = postSolution
		SolutionGuid = {09738E30-04B1-40B8-B276-C3F43737A0FE}
	EndGlobalSection
EndGlobal
